// !$*UTF8*$!
{
	archiveVersion = 1;
	classes = {
	};
	objectVersion = 46;
	objects = {

/* Begin PBXBuildFile section */
		C1A717DB1F34DEA9002A2A40 /* AppDelegate.swift in Sources */ = {isa = PBXBuildFile; fileRef = C1A717DA1F34DEA9002A2A40 /* AppDelegate.swift */; };
		C1A717DD1F34DEA9002A2A40 /* ViewController.swift in Sources */ = {isa = PBXBuildFile; fileRef = C1A717DC1F34DEA9002A2A40 /* ViewController.swift */; };
		C1A717E01F34DEA9002A2A40 /* Main.storyboard in Resources */ = {isa = PBXBuildFile; fileRef = C1A717DE1F34DEA9002A2A40 /* Main.storyboard */; };
		C1A717E31F34DEA9002A2A40 /* Sound_Board.xcdatamodeld in Sources */ = {isa = PBXBuildFile; fileRef = C1A717E11F34DEA9002A2A40 /* Sound_Board.xcdatamodeld */; };
		C1A717E51F34DEA9002A2A40 /* Assets.xcassets in Resources */ = {isa = PBXBuildFile; fileRef = C1A717E41F34DEA9002A2A40 /* Assets.xcassets */; };
		C1A717E81F34DEA9002A2A40 /* LaunchScreen.storyboard in Resources */ = {isa = PBXBuildFile; fileRef = C1A717E61F34DEA9002A2A40 /* LaunchScreen.storyboard */; };
/* End PBXBuildFile section */

/* Begin PBXFileReference section */
		C1A717D71F34DEA9002A2A40 /* Sound Board.app */ = {isa = PBXFileReference; explicitFileType = wrapper.application; includeInIndex = 0; path = "Sound Board.app"; sourceTree = BUILT_PRODUCTS_DIR; };
		C1A717DA1F34DEA9002A2A40 /* AppDelegate.swift */ = {isa = PBXFileReference; lastKnownFileType = sourcecode.swift; path = AppDelegate.swift; sourceTree = "<group>"; };
		C1A717DC1F34DEA9002A2A40 /* ViewController.swift */ = {isa = PBXFileReference; lastKnownFileType = sourcecode.swift; path = ViewController.swift; sourceTree = "<group>"; };
		C1A717DF1F34DEA9002A2A40 /* Base */ = {isa = PBXFileReference; lastKnownFileType = file.storyboard; name = Base; path = Base.lproj/Main.storyboard; sourceTree = "<group>"; };
		C1A717E21F34DEA9002A2A40 /* Sound_Board.xcdatamodel */ = {isa = PBXFileReference; lastKnownFileType = wrapper.xcdatamodel; path = Sound_Board.xcdatamodel; sourceTree = "<group>"; };
		C1A717E41F34DEA9002A2A40 /* Assets.xcassets */ = {isa = PBXFileReference; lastKnownFileType = folder.assetcatalog; path = Assets.xcassets; sourceTree = "<group>"; };
		C1A717E71F34DEA9002A2A40 /* Base */ = {isa = PBXFileReference; lastKnownFileType = file.storyboard; name = Base; path = Base.lproj/LaunchScreen.storyboard; sourceTree = "<group>"; };
		C1A717E91F34DEA9002A2A40 /* Info.plist */ = {isa = PBXFileReference; lastKnownFileType = text.plist.xml; path = Info.plist; sourceTree = "<group>"; };
/* End PBXFileReference section */

/* Begin PBXFrameworksBuildPhase section */
		C1A717D41F34DEA9002A2A40 /* Frameworks */ = {
			isa = PBXFrameworksBuildPhase;
			buildActionMask = 2147483647;
			files = (
			);
			runOnlyForDeploymentPostprocessing = 0;
		};
/* End PBXFrameworksBuildPhase section */

/* Begin PBXGroup section */
		C1A717CE1F34DEA9002A2A40 = {
			isa = PBXGroup;
			children = (
				C1A717D91F34DEA9002A2A40 /* Sound Board */,
				C1A717D81F34DEA9002A2A40 /* Products */,
			);
			sourceTree = "<group>";
		};
		C1A717D81F34DEA9002A2A40 /* Products */ = {
			isa = PBXGroup;
			children = (
				C1A717D71F34DEA9002A2A40 /* Sound Board.app */,
			);
			name = Products;
			sourceTree = "<group>";
		};
		C1A717D91F34DEA9002A2A40 /* Sound Board */ = {
			isa = PBXGroup;
			children = (
				C1A717DA1F34DEA9002A2A40 /* AppDelegate.swift */,
				C1A717DC1F34DEA9002A2A40 /* ViewController.swift */,
				C1A717DE1F34DEA9002A2A40 /* Main.storyboard */,
				C1A717E41F34DEA9002A2A40 /* Assets.xcassets */,
				C1A717E61F34DEA9002A2A40 /* LaunchScreen.storyboard */,
				C1A717E91F34DEA9002A2A40 /* Info.plist */,
				C1A717E11F34DEA9002A2A40 /* Sound_Board.xcdatamodeld */,
			);
			path = "Sound Board";
			sourceTree = "<group>";
		};
/* End PBXGroup section */

/* Begin PBXNativeTarget section */
		C1A717D61F34DEA9002A2A40 /* Sound Board */ = {
			isa = PBXNativeTarget;
			buildConfigurationList = C1A717EC1F34DEA9002A2A40 /* Build configuration list for PBXNativeTarget "Sound Board" */;
			buildPhases = (
				C1A717D31F34DEA9002A2A40 /* Sources */,
				C1A717D41F34DEA9002A2A40 /* Frameworks */,
				C1A717D51F34DEA9002A2A40 /* Resources */,
			);
			buildRules = (
			);
			dependencies = (
			);
			name = "Sound Board";
			productName = "Sound Board";
			productReference = C1A717D71F34DEA9002A2A40 /* Sound Board.app */;
			productType = "com.apple.product-type.application";
		};
/* End PBXNativeTarget section */

/* Begin PBXProject section */
		C1A717CF1F34DEA9002A2A40 /* Project object */ = {
			isa = PBXProject;
			attributes = {
				LastSwiftUpdateCheck = 0830;
				LastUpgradeCheck = 0830;
				ORGANIZATIONNAME = "Cool Apps";
				TargetAttributes = {
					C1A717D61F34DEA9002A2A40 = {
						CreatedOnToolsVersion = 8.3.3;
						DevelopmentTeam = Q48V538VT9;
						ProvisioningStyle = Automatic;
					};
				};
			};
			buildConfigurationList = C1A717D21F34DEA9002A2A40 /* Build configuration list for PBXProject "Sound Board" */;
			compatibilityVersion = "Xcode 3.2";
			developmentRegion = English;
			hasScannedForEncodings = 0;
			knownRegions = (
				en,
				Base,
			);
			mainGroup = C1A717CE1F34DEA9002A2A40;
			productRefGroup = C1A717D81F34DEA9002A2A40 /* Products */;
			projectDirPath = "";
			projectRoot = "";
			targets = (
				C1A717D61F34DEA9002A2A40 /* Sound Board */,
			);
		};
/* End PBXProject section */

/* Begin PBXResourcesBuildPhase section */
		C1A717D51F34DEA9002A2A40 /* Resources */ = {
			isa = PBXResourcesBuildPhase;
			buildActionMask = 2147483647;
			files = (
				C1A717E81F34DEA9002A2A40 /* LaunchScreen.storyboard in Resources */,
				C1A717E51F34DEA9002A2A40 /* Assets.xcassets in Resources */,
				C1A717E01F34DEA9002A2A40 /* Main.storyboard in Resources */,
			);
			runOnlyForDeploymentPostprocessing = 0;
		};
/* End PBXResourcesBuildPhase section */

/* Begin PBXSourcesBuildPhase section */
		C1A717D31F34DEA9002A2A40 /* Sources */ = {
			isa = PBXSourcesBuildPhase;
			buildActionMask = 2147483647;
			files = (
				C1A717E31F34DEA9002A2A40 /* Sound_Board.xcdatamodeld in Sources */,
				C1A717DD1F34DEA9002A2A40 /* ViewController.swift in Sources */,
				C1A717DB1F34DEA9002A2A40 /* AppDelegate.swift in Sources */,
			);
			runOnlyForDeploymentPostprocessing = 0;
		};
/* End PBXSourcesBuildPhase section */

/* Begin PBXVariantGroup section */
		C1A717DE1F34DEA9002A2A40 /* Main.storyboard */ = {
			isa = PBXVariantGroup;
			children = (
				C1A717DF1F34DEA9002A2A40 /* Base */,
			);
			name = Main.storyboard;
			sourceTree = "<group>";
		};
		C1A717E61F34DEA9002A2A40 /* LaunchScreen.storyboard */ = {
			isa = PBXVariantGroup;
			children = (
				C1A717E71F34DEA9002A2A40 /* Base */,
			);
			name = LaunchScreen.storyboard;
			sourceTree = "<group>";
		};
/* End PBXVariantGroup section */

/* Begin XCBuildConfiguration section */
		C1A717EA1F34DEA9002A2A40 /* Debug */ = {
			isa = XCBuildConfiguration;
			buildSettings = {
				ALWAYS_SEARCH_USER_PATHS = NO;
				CLANG_ANALYZER_NONNULL = YES;
				CLANG_ANALYZER_NUMBER_OBJECT_CONVERSION = YES_AGGRESSIVE;
				CLANG_CXX_LANGUAGE_STANDARD = "gnu++0x";
				CLANG_CXX_LIBRARY = "libc++";
				CLANG_ENABLE_MODULES = YES;
				CLANG_ENABLE_OBJC_ARC = YES;
				CLANG_WARN_BOOL_CONVERSION = YES;
				CLANG_WARN_CONSTANT_CONVERSION = YES;
				CLANG_WARN_DIRECT_OBJC_ISA_USAGE = YES_ERROR;
				CLANG_WARN_DOCUMENTATION_COMMENTS = YES;
				CLANG_WARN_EMPTY_BODY = YES;
				CLANG_WARN_ENUM_CONVERSION = YES;
				CLANG_WARN_INFINITE_RECURSION = YES;
				CLANG_WARN_INT_CONVERSION = YES;
				CLANG_WARN_OBJC_ROOT_CLASS = YES_ERROR;
				CLANG_WARN_SUSPICIOUS_MOVE = YES;
				CLANG_WARN_UNREACHABLE_CODE = YES;
				CLANG_WARN__DUPLICATE_METHOD_MATCH = YES;
				"CODE_SIGN_IDENTITY[sdk=iphoneos*]" = "iPhone Developer";
				COPY_PHASE_STRIP = NO;
				DEBUG_INFORMATION_FORMAT = dwarf;
				ENABLE_STRICT_OBJC_MSGSEND = YES;
				ENABLE_TESTABILITY = YES;
				GCC_C_LANGUAGE_STANDARD = gnu99;
				GCC_DYNAMIC_NO_PIC = NO;
				GCC_NO_COMMON_BLOCKS = YES;
				GCC_OPTIMIZATION_LEVEL = 0;
				GCC_PREPROCESSOR_DEFINITIONS = (
					"DEBUG=1",
					"$(inherited)",
				);
				GCC_WARN_64_TO_32_BIT_CONVERSION = YES;
				GCC_WARN_ABOUT_RETURN_TYPE = YES_ERROR;
				GCC_WARN_UNDECLARED_SELECTOR = YES;
				GCC_WARN_UNINITIALIZED_AUTOS = YES_AGGRESSIVE;
				GCC_WARN_UNUSED_FUNCTION = YES;
				GCC_WARN_UNUSED_VARIABLE = YES;
				IPHONEOS_DEPLOYMENT_TARGET = 10.3;
				MTL_ENABLE_DEBUG_INFO = YES;
				ONLY_ACTIVE_ARCH = YES;
				SDKROOT = iphoneos;
				SWIFT_ACTIVE_COMPILATION_CONDITIONS = DEBUG;
				SWIFT_OPTIMIZATION_LEVEL = "-Onone";
				TARGETED_DEVICE_FAMILY = "1,2";
			};
			name = Debug;
		};
		C1A717EB1F34DEA9002A2A40 /* Release */ = {
			isa = XCBuildConfiguration;
			buildSettings = {
				ALWAYS_SEARCH_USER_PATHS = NO;
				CLANG_ANALYZER_NONNULL = YES;
				CLANG_ANALYZER_NUMBER_OBJECT_CONVERSION = YES_AGGRESSIVE;
				CLANG_CXX_LANGUAGE_STANDARD = "gnu++0x";
				CLANG_CXX_LIBRARY = "libc++";
				CLANG_ENABLE_MODULES = YES;
				CLANG_ENABLE_OBJC_ARC = YES;
				CLANG_WARN_BOOL_CONVERSION = YES;
				CLANG_WARN_CONSTANT_CONVERSION = YES;
				CLANG_WARN_DIRECT_OBJC_ISA_USAGE = YES_ERROR;
				CLANG_WARN_DOCUMENTATION_COMMENTS = YES;
				CLANG_WARN_EMPTY_BODY = YES;
				CLANG_WARN_ENUM_CONVERSION = YES;
				CLANG_WARN_INFINITE_RECURSION = YES;
				CLANG_WARN_INT_CONVERSION = YES;
				CLANG_WARN_OBJC_ROOT_CLASS = YES_ERROR;
				CLANG_WARN_SUSPICIOUS_MOVE = YES;
				CLANG_WARN_UNREACHABLE_CODE = YES;
				CLANG_WARN__DUPLICATE_METHOD_MATCH = YES;
				"CODE_SIGN_IDENTITY[sdk=iphoneos*]" = "iPhone Developer";
				COPY_PHASE_STRIP = NO;
				DEBUG_INFORMATION_FORMAT = "dwarf-with-dsym";
				ENABLE_NS_ASSERTIONS = NO;
				ENABLE_STRICT_OBJC_MSGSEND = YES;
				GCC_C_LANGUAGE_STANDARD = gnu99;
				GCC_NO_COMMON_BLOCKS = YES;
				GCC_WARN_64_TO_32_BIT_CONVERSION = YES;
				GCC_WARN_ABOUT_RETURN_TYPE = YES_ERROR;
				GCC_WARN_UNDECLARED_SELECTOR = YES;
				GCC_WARN_UNINITIALIZED_AUTOS = YES_AGGRESSIVE;
				GCC_WARN_UNUSED_FUNCTION = YES;
				GCC_WARN_UNUSED_VARIABLE = YES;
				IPHONEOS_DEPLOYMENT_TARGET = 10.3;
				MTL_ENABLE_DEBUG_INFO = NO;
				SDKROOT = iphoneos;
				SWIFT_OPTIMIZATION_LEVEL = "-Owholemodule";
				TARGETED_DEVICE_FAMILY = "1,2";
				VALIDATE_PRODUCT = YES;
			};
			name = Release;
		};
		C1A717ED1F34DEA9002A2A40 /* Debug */ = {
			isa = XCBuildConfiguration;
			buildSettings = {
				ASSETCATALOG_COMPILER_APPICON_NAME = AppIcon;
				DEVELOPMENT_TEAM = Q48V538VT9;
				INFOPLIST_FILE = "Sound Board/Info.plist";
				LD_RUNPATH_SEARCH_PATHS = "$(inherited) @executable_path/Frameworks";
				PRODUCT_BUNDLE_IDENTIFIER = "com.cool-apps.Sound-Board";
				PRODUCT_NAME = "$(TARGET_NAME)";
				SWIFT_VERSION = 3.0;
			};
			name = Debug;
		};
		C1A717EE1F34DEA9002A2A40 /* Release */ = {
			isa = XCBuildConfiguration;
			buildSettings = {
				ASSETCATALOG_COMPILER_APPICON_NAME = AppIcon;
				DEVELOPMENT_TEAM = Q48V538VT9;
				INFOPLIST_FILE = "Sound Board/Info.plist";
				LD_RUNPATH_SEARCH_PATHS = "$(inherited) @executable_path/Frameworks";
				PRODUCT_BUNDLE_IDENTIFIER = "com.cool-apps.Sound-Board";
				PRODUCT_NAME = "$(TARGET_NAME)";
				SWIFT_VERSION = 3.0;
			};
			name = Release;
		};
/* End XCBuildConfiguration section */

/* Begin XCConfigurationList section */
		C1A717D21F34DEA9002A2A40 /* Build configuration list for PBXProject "Sound Board" */ = {
			isa = XCConfigurationList;
			buildConfigurations = (
				C1A717EA1F34DEA9002A2A40 /* Debug */,
				C1A717EB1F34DEA9002A2A40 /* Release */,
			);
			defaultConfigurationIsVisible = 0;
			defaultConfigurationName = Release;
		};
		C1A717EC1F34DEA9002A2A40 /* Build configuration list for PBXNativeTarget "Sound Board" */ = {
			isa = XCConfigurationList;
			buildConfigurations = (
				C1A717ED1F34DEA9002A2A40 /* Debug */,
				C1A717EE1F34DEA9002A2A40 /* Release */,
			);
			defaultConfigurationIsVisible = 0;
		};
/* End XCConfigurationList section */

/* Begin XCVersionGroup section */
		C1A717E11F34DEA9002A2A40 /* Sound_Board.xcdatamodeld */ = {
			isa = XCVersionGroup;
			children = (
				C1A717E21F34DEA9002A2A40 /* Sound_Board.xcdatamodel */,
			);
			currentVersion = C1A717E21F34DEA9002A2A40 /* Sound_Board.xcdatamodel */;
			path = Sound_Board.xcdatamodeld;
			sourceTree = "<group>";
			versionGroupType = wrapper.xcdatamodel;
		};
/* End XCVersionGroup section */
	};
	rootObject = C1A717CF1F34DEA9002A2A40 /* Project object */;
}
